Microsoft Visual Studio Solution File, Format Version 12.00
# Visual Studio 2012
Project("{FAE04EC0-301F-11D3-BF4B-00C04F79EFBC}") = "PuzzleCourse", "PuzzleCourse.csproj", "{CBCDD2A8-FB90-4F0F-B3A0-482BD3AB14FE}"
EndProject
Global
	GlobalSection(SolutionConfigurationPlatforms) = preSolution
	Debug|Any CPU = Debug|Any CPU
	ExportDebug|Any CPU = ExportDebug|Any CPU
	ExportRelease|Any CPU = ExportRelease|Any CPU
	EndGlobalSection
	GlobalSection(ProjectConfigurationPlatforms) = postSolution
		{CBCDD2A8-FB90-4F0F-B3A0-482BD3AB14FE}.Debug|Any CPU.ActiveCfg = Debug|Any CPU
		{CBCDD2A8-FB90-4F0F-B3A0-482BD3AB14FE}.Debug|Any CPU.Build.0 = Debug|Any CPU
		{CBCDD2A8-FB90-4F0F-B3A0-482BD3AB14FE}.ExportDebug|Any CPU.ActiveCfg = ExportDebug|Any CPU
		{CBCDD2A8-FB90-4F0F-B3A0-482BD3AB14FE}.ExportDebug|Any CPU.Build.0 = ExportDebug|Any CPU
		{CBCDD2A8-FB90-4F0F-B3A0-482BD3AB14FE}.ExportRelease|Any CPU.ActiveCfg = ExportRelease|Any CPU
		{CBCDD2A8-FB90-4F0F-B3A0-482BD3AB14FE}.ExportRelease|Any CPU.Build.0 = ExportRelease|Any CPU
	EndGlobalSection
EndGlobal
